
Microsoft Visual Studio Solution File, Format Version 12.00
# Visual Studio 15
VisualStudioVersion = 15.0.28010.2003
MinimumVisualStudioVersion = 10.0.40219.1
Project("{8BC9CEB8-8B4A-11D0-8D11-00A0C91BC942}") = "SigLoader", "SigLoader\SigLoader.vcxproj", "{CE25F925-4104-4824-9A21-63337C56B988}"
EndProject
Global
	GlobalSection(SolutionConfigurationPlatforms) = preSolution
		Debug|x64 = Debug|x64
		Debug|x86 = Debug|x86
		Release|x64 = Release|x64
		Release|x86 = Release|x86
	EndGlobalSection
	GlobalSection(ProjectConfigurationPlatforms) = postSolution
		{CE25F925-4104-4824-9A21-63337C56B988}.Debug|x64.ActiveCfg = Debug|x64
		{CE25F925-4104-4824-9A21-63337C56B988}.Debug|x64.Build.0 = Debug|x64
		{CE25F925-4104-4824-9A21-63337C56B988}.Debug|x86.ActiveCfg = Debug|Win32
		{CE25F925-4104-4824-9A21-63337C56B988}.Debug|x86.Build.0 = Debug|Win32
		{CE25F925-4104-4824-9A21-63337C56B988}.Release|x64.ActiveCfg = Release|x64
		{CE25F925-4104-4824-9A21-63337C56B988}.Release|x64.Build.0 = Release|x64
		{CE25F925-4104-4824-9A21-63337C56B988}.Release|x86.ActiveCfg = Release|Win32
		{CE25F925-4104-4824-9A21-63337C56B988}.Release|x86.Build.0 = Release|Win32
	EndGlobalSection
	GlobalSection(SolutionProperties) = preSolution
		HideSolutionNode = FALSE
	EndGlobalSection
	GlobalSection(ExtensibilityGlobals) = postSolution
		SolutionGuid = {D7E4078D-13BA-44CD-A51F-C3C78D4AEA2F}
	EndGlobalSection
EndGlobal
